// !$*UTF8*$!
{
	archiveVersion = 1;
	classes = {
	};
	objectVersion = 48;
	objects = {

/* Begin PBXBuildFile section */
		DFAD43AC1F78B9CE0049DED6 /* AppDelegate.swift in Sources */ = {isa = PBXBuildFile; fileRef = DFAD43AB1F78B9CE0049DED6 /* AppDelegate.swift */; };
		DFAD43AE1F78B9CE0049DED6 /* ViewController.swift in Sources */ = {isa = PBXBuildFile; fileRef = DFAD43AD1F78B9CE0049DED6 /* ViewController.swift */; };
		DFAD43B11F78B9CE0049DED6 /* Main.storyboard in Resources */ = {isa = PBXBuildFile; fileRef = DFAD43AF1F78B9CE0049DED6 /* Main.storyboard */; };
		DFAD43B31F78B9CE0049DED6 /* Assets.xcassets in Resources */ = {isa = PBXBuildFile; fileRef = DFAD43B21F78B9CE0049DED6 /* Assets.xcassets */; };
		DFAD43B61F78B9CE0049DED6 /* LaunchScreen.storyboard in Resources */ = {isa = PBXBuildFile; fileRef = DFAD43B41F78B9CE0049DED6 /* LaunchScreen.storyboard */; };
		DFAD43C11F78B9CE0049DED6 /* Keep_Imitate_APPTests.swift in Sources */ = {isa = PBXBuildFile; fileRef = DFAD43C01F78B9CE0049DED6 /* Keep_Imitate_APPTests.swift */; };
		DFAD43CC1F78B9CF0049DED6 /* Keep_Imitate_APPUITests.swift in Sources */ = {isa = PBXBuildFile; fileRef = DFAD43CB1F78B9CF0049DED6 /* Keep_Imitate_APPUITests.swift */; };
		DFAD43EA1F7BAA310049DED6 /* MapViewController.swift in Sources */ = {isa = PBXBuildFile; fileRef = DFAD43E91F7BAA310049DED6 /* MapViewController.swift */; };
		DFAD43EC1F7FED720049DED6 /* RunningViewController.swift in Sources */ = {isa = PBXBuildFile; fileRef = DFAD43EB1F7FED720049DED6 /* RunningViewController.swift */; };
		DFAD43EE1F7FED810049DED6 /* FoodViewController.swift in Sources */ = {isa = PBXBuildFile; fileRef = DFAD43ED1F7FED810049DED6 /* FoodViewController.swift */; };
		DFAD43F11F809BE70049DED6 /* RunningRecordViewController.swift in Sources */ = {isa = PBXBuildFile; fileRef = DFAD43F01F809BE70049DED6 /* RunningRecordViewController.swift */; };
		DFAD43F31F809C070049DED6 /* RunningPathViewController.swift in Sources */ = {isa = PBXBuildFile; fileRef = DFAD43F21F809C070049DED6 /* RunningPathViewController.swift */; };
		DFAD43F51F809C180049DED6 /* FriendViewController.swift in Sources */ = {isa = PBXBuildFile; fileRef = DFAD43F41F809C180049DED6 /* FriendViewController.swift */; };
		DFAD43F71F809C5A0049DED6 /* CalorieCaculationViewController.swift in Sources */ = {isa = PBXBuildFile; fileRef = DFAD43F61F809C5A0049DED6 /* CalorieCaculationViewController.swift */; };
		DFAD43F91F809C6F0049DED6 /* CameraViewController.swift in Sources */ = {isa = PBXBuildFile; fileRef = DFAD43F81F809C6F0049DED6 /* CameraViewController.swift */; };
/* End PBXBuildFile section */

/* Begin PBXContainerItemProxy section */
		DFAD43BD1F78B9CE0049DED6 /* PBXContainerItemProxy */ = {
			isa = PBXContainerItemProxy;
			containerPortal = DFAD43A01F78B9CE0049DED6 /* Project object */;
			proxyType = 1;
			remoteGlobalIDString = DFAD43A71F78B9CE0049DED6;
			remoteInfo = Keep_Imitate_APP;
		};
		DFAD43C81F78B9CF0049DED6 /* PBXContainerItemProxy */ = {
			isa = PBXContainerItemProxy;
			containerPortal = DFAD43A01F78B9CE0049DED6 /* Project object */;
			proxyType = 1;
			remoteGlobalIDString = DFAD43A71F78B9CE0049DED6;
			remoteInfo = Keep_Imitate_APP;
		};
/* End PBXContainerItemProxy section */

/* Begin PBXFileReference section */
		DFAD43A81F78B9CE0049DED6 /* Keep_Imitate_APP.app */ = {isa = PBXFileReference; explicitFileType = wrapper.application; includeInIndex = 0; path = Keep_Imitate_APP.app; sourceTree = BUILT_PRODUCTS_DIR; };
		DFAD43AB1F78B9CE0049DED6 /* AppDelegate.swift */ = {isa = PBXFileReference; lastKnownFileType = sourcecode.swift; path = AppDelegate.swift; sourceTree = "<group>"; };
		DFAD43AD1F78B9CE0049DED6 /* ViewController.swift */ = {isa = PBXFileReference; lastKnownFileType = sourcecode.swift; path = ViewController.swift; sourceTree = "<group>"; };
		DFAD43B01F78B9CE0049DED6 /* Base */ = {isa = PBXFileReference; lastKnownFileType = file.storyboard; name = Base; path = Base.lproj/Main.storyboard; sourceTree = "<group>"; };
		DFAD43B21F78B9CE0049DED6 /* Assets.xcassets */ = {isa = PBXFileReference; lastKnownFileType = folder.assetcatalog; path = Assets.xcassets; sourceTree = "<group>"; };
		DFAD43B51F78B9CE0049DED6 /* Base */ = {isa = PBXFileReference; lastKnownFileType = file.storyboard; name = Base; path = Base.lproj/LaunchScreen.storyboard; sourceTree = "<group>"; };
		DFAD43B71F78B9CE0049DED6 /* Info.plist */ = {isa = PBXFileReference; lastKnownFileType = text.plist.xml; path = Info.plist; sourceTree = "<group>"; };
		DFAD43BC1F78B9CE0049DED6 /* Keep_Imitate_APPTests.xctest */ = {isa = PBXFileReference; explicitFileType = wrapper.cfbundle; includeInIndex = 0; path = Keep_Imitate_APPTests.xctest; sourceTree = BUILT_PRODUCTS_DIR; };
		DFAD43C01F78B9CE0049DED6 /* Keep_Imitate_APPTests.swift */ = {isa = PBXFileReference; lastKnownFileType = sourcecode.swift; path = Keep_Imitate_APPTests.swift; sourceTree = "<group>"; };
		DFAD43C21F78B9CE0049DED6 /* Info.plist */ = {isa = PBXFileReference; lastKnownFileType = text.plist.xml; path = Info.plist; sourceTree = "<group>"; };
		DFAD43C71F78B9CF0049DED6 /* Keep_Imitate_APPUITests.xctest */ = {isa = PBXFileReference; explicitFileType = wrapper.cfbundle; includeInIndex = 0; path = Keep_Imitate_APPUITests.xctest; sourceTree = BUILT_PRODUCTS_DIR; };
		DFAD43CB1F78B9CF0049DED6 /* Keep_Imitate_APPUITests.swift */ = {isa = PBXFileReference; lastKnownFileType = sourcecode.swift; path = Keep_Imitate_APPUITests.swift; sourceTree = "<group>"; };
		DFAD43CD1F78B9CF0049DED6 /* Info.plist */ = {isa = PBXFileReference; lastKnownFileType = text.plist.xml; path = Info.plist; sourceTree = "<group>"; };
		DFAD43E91F7BAA310049DED6 /* MapViewController.swift */ = {isa = PBXFileReference; lastKnownFileType = sourcecode.swift; path = MapViewController.swift; sourceTree = "<group>"; };
		DFAD43EB1F7FED720049DED6 /* RunningViewController.swift */ = {isa = PBXFileReference; lastKnownFileType = sourcecode.swift; path = RunningViewController.swift; sourceTree = "<group>"; };
		DFAD43ED1F7FED810049DED6 /* FoodViewController.swift */ = {isa = PBXFileReference; lastKnownFileType = sourcecode.swift; path = FoodViewController.swift; sourceTree = "<group>"; };
		DFAD43F01F809BE70049DED6 /* RunningRecordViewController.swift */ = {isa = PBXFileReference; lastKnownFileType = sourcecode.swift; path = RunningRecordViewController.swift; sourceTree = "<group>"; };
		DFAD43F21F809C070049DED6 /* RunningPathViewController.swift */ = {isa = PBXFileReference; lastKnownFileType = sourcecode.swift; path = RunningPathViewController.swift; sourceTree = "<group>"; };
		DFAD43F41F809C180049DED6 /* FriendViewController.swift */ = {isa = PBXFileReference; lastKnownFileType = sourcecode.swift; path = FriendViewController.swift; sourceTree = "<group>"; };
		DFAD43F61F809C5A0049DED6 /* CalorieCaculationViewController.swift */ = {isa = PBXFileReference; lastKnownFileType = sourcecode.swift; name = CalorieCaculationViewController.swift; path = ViewControllers/CalorieCaculationViewController.swift; sourceTree = SOURCE_ROOT; };
		DFAD43F81F809C6F0049DED6 /* CameraViewController.swift */ = {isa = PBXFileReference; lastKnownFileType = sourcecode.swift; path = CameraViewController.swift; sourceTree = "<group>"; };
/* End PBXFileReference section */

/* Begin PBXFrameworksBuildPhase section */
		DFAD43A51F78B9CE0049DED6 /* Frameworks */ = {
			isa = PBXFrameworksBuildPhase;
			buildActionMask = 2147483647;
			files = (
			);
			runOnlyForDeploymentPostprocessing = 0;
		};
		DFAD43B91F78B9CE0049DED6 /* Frameworks */ = {
			isa = PBXFrameworksBuildPhase;
			buildActionMask = 2147483647;
			files = (
			);
			runOnlyForDeploymentPostprocessing = 0;
		};
		DFAD43C41F78B9CF0049DED6 /* Frameworks */ = {
			isa = PBXFrameworksBuildPhase;
			buildActionMask = 2147483647;
			files = (
			);
			runOnlyForDeploymentPostprocessing = 0;
		};
/* End PBXFrameworksBuildPhase section */

/* Begin PBXGroup section */
		DFAD439F1F78B9CE0049DED6 = {
			isa = PBXGroup;
			children = (
				DFAD43EF1F809B9E0049DED6 /* ViewControllers */,
				DFAD43AA1F78B9CE0049DED6 /* Keep_Imitate_APP */,
				DFAD43BF1F78B9CE0049DED6 /* Keep_Imitate_APPTests */,
				DFAD43CA1F78B9CF0049DED6 /* Keep_Imitate_APPUITests */,
				DFAD43A91F78B9CE0049DED6 /* Products */,
			);
			sourceTree = "<group>";
		};
		DFAD43A91F78B9CE0049DED6 /* Products */ = {
			isa = PBXGroup;
			children = (
				DFAD43A81F78B9CE0049DED6 /* Keep_Imitate_APP.app */,
				DFAD43BC1F78B9CE0049DED6 /* Keep_Imitate_APPTests.xctest */,
				DFAD43C71F78B9CF0049DED6 /* Keep_Imitate_APPUITests.xctest */,
			);
			name = Products;
			sourceTree = "<group>";
		};
		DFAD43AA1F78B9CE0049DED6 /* Keep_Imitate_APP */ = {
			isa = PBXGroup;
			children = (
				DFAD43AB1F78B9CE0049DED6 /* AppDelegate.swift */,
				DFAD43AF1F78B9CE0049DED6 /* Main.storyboard */,
				DFAD43B21F78B9CE0049DED6 /* Assets.xcassets */,
				DFAD43B41F78B9CE0049DED6 /* LaunchScreen.storyboard */,
				DFAD43B71F78B9CE0049DED6 /* Info.plist */,
			);
			path = Keep_Imitate_APP;
			sourceTree = "<group>";
		};
		DFAD43BF1F78B9CE0049DED6 /* Keep_Imitate_APPTests */ = {
			isa = PBXGroup;
			children = (
				DFAD43C01F78B9CE0049DED6 /* Keep_Imitate_APPTests.swift */,
				DFAD43C21F78B9CE0049DED6 /* Info.plist */,
			);
			path = Keep_Imitate_APPTests;
			sourceTree = "<group>";
		};
		DFAD43CA1F78B9CF0049DED6 /* Keep_Imitate_APPUITests */ = {
			isa = PBXGroup;
			children = (
				DFAD43CB1F78B9CF0049DED6 /* Keep_Imitate_APPUITests.swift */,
				DFAD43CD1F78B9CF0049DED6 /* Info.plist */,
			);
			path = Keep_Imitate_APPUITests;
			sourceTree = "<group>";
		};
		DFAD43EF1F809B9E0049DED6 /* ViewControllers */ = {
			isa = PBXGroup;
			children = (
				DFAD43AD1F78B9CE0049DED6 /* ViewController.swift */,
				DFAD43EB1F7FED720049DED6 /* RunningViewController.swift */,
				DFAD43F01F809BE70049DED6 /* RunningRecordViewController.swift */,
				DFAD43F21F809C070049DED6 /* RunningPathViewController.swift */,
				DFAD43F41F809C180049DED6 /* FriendViewController.swift */,
				DFAD43ED1F7FED810049DED6 /* FoodViewController.swift */,
				DFAD43F61F809C5A0049DED6 /* CalorieCaculationViewController.swift */,
				DFAD43F81F809C6F0049DED6 /* CameraViewController.swift */,
				DFAD43E91F7BAA310049DED6 /* MapViewController.swift */,
			);
			path = ViewControllers;
			sourceTree = "<group>";
		};
/* End PBXGroup section */

/* Begin PBXNativeTarget section */
		DFAD43A71F78B9CE0049DED6 /* Keep_Imitate_APP */ = {
			isa = PBXNativeTarget;
			buildConfigurationList = DFAD43D01F78B9CF0049DED6 /* Build configuration list for PBXNativeTarget "Keep_Imitate_APP" */;
			buildPhases = (
				DFAD43A41F78B9CE0049DED6 /* Sources */,
				DFAD43A51F78B9CE0049DED6 /* Frameworks */,
				DFAD43A61F78B9CE0049DED6 /* Resources */,
			);
			buildRules = (
			);
			dependencies = (
			);
			name = Keep_Imitate_APP;
			productName = Keep_Imitate_APP;
			productReference = DFAD43A81F78B9CE0049DED6 /* Keep_Imitate_APP.app */;
			productType = "com.apple.product-type.application";
		};
		DFAD43BB1F78B9CE0049DED6 /* Keep_Imitate_APPTests */ = {
			isa = PBXNativeTarget;
			buildConfigurationList = DFAD43D31F78B9CF0049DED6 /* Build configuration list for PBXNativeTarget "Keep_Imitate_APPTests" */;
			buildPhases = (
				DFAD43B81F78B9CE0049DED6 /* Sources */,
				DFAD43B91F78B9CE0049DED6 /* Frameworks */,
				DFAD43BA1F78B9CE0049DED6 /* Resources */,
			);
			buildRules = (
			);
			dependencies = (
				DFAD43BE1F78B9CE0049DED6 /* PBXTargetDependency */,
			);
			name = Keep_Imitate_APPTests;
			productName = Keep_Imitate_APPTests;
			productReference = DFAD43BC1F78B9CE0049DED6 /* Keep_Imitate_APPTests.xctest */;
			productType = "com.apple.product-type.bundle.unit-test";
		};
		DFAD43C61F78B9CF0049DED6 /* Keep_Imitate_APPUITests */ = {
			isa = PBXNativeTarget;
			buildConfigurationList = DFAD43D61F78B9CF0049DED6 /* Build configuration list for PBXNativeTarget "Keep_Imitate_APPUITests" */;
			buildPhases = (
				DFAD43C31F78B9CF0049DED6 /* Sources */,
				DFAD43C41F78B9CF0049DED6 /* Frameworks */,
				DFAD43C51F78B9CF0049DED6 /* Resources */,
			);
			buildRules = (
			);
			dependencies = (
				DFAD43C91F78B9CF0049DED6 /* PBXTargetDependency */,
			);
			name = Keep_Imitate_APPUITests;
			productName = Keep_Imitate_APPUITests;
			productReference = DFAD43C71F78B9CF0049DED6 /* Keep_Imitate_APPUITests.xctest */;
			productType = "com.apple.product-type.bundle.ui-testing";
		};
/* End PBXNativeTarget section */

/* Begin PBXProject section */
		DFAD43A01F78B9CE0049DED6 /* Project object */ = {
			isa = PBXProject;
			attributes = {
				LastSwiftUpdateCheck = 0900;
				LastUpgradeCheck = 0900;
				ORGANIZATIONNAME = "Lang LIN";
				TargetAttributes = {
					DFAD43A71F78B9CE0049DED6 = {
						CreatedOnToolsVersion = 9.0;
						ProvisioningStyle = Automatic;
					};
					DFAD43BB1F78B9CE0049DED6 = {
						CreatedOnToolsVersion = 9.0;
						ProvisioningStyle = Automatic;
						TestTargetID = DFAD43A71F78B9CE0049DED6;
					};
					DFAD43C61F78B9CF0049DED6 = {
						CreatedOnToolsVersion = 9.0;
						ProvisioningStyle = Automatic;
						TestTargetID = DFAD43A71F78B9CE0049DED6;
					};
				};
			};
			buildConfigurationList = DFAD43A31F78B9CE0049DED6 /* Build configuration list for PBXProject "Keep_Imitate_APP" */;
			compatibilityVersion = "Xcode 8.0";
			developmentRegion = en;
			hasScannedForEncodings = 0;
			knownRegions = (
				en,
				Base,
			);
			mainGroup = DFAD439F1F78B9CE0049DED6;
			productRefGroup = DFAD43A91F78B9CE0049DED6 /* Products */;
			projectDirPath = "";
			projectRoot = "";
			targets = (
				DFAD43A71F78B9CE0049DED6 /* Keep_Imitate_APP */,
				DFAD43BB1F78B9CE0049DED6 /* Keep_Imitate_APPTests */,
				DFAD43C61F78B9CF0049DED6 /* Keep_Imitate_APPUITests */,
			);
		};
/* End PBXProject section */

/* Begin PBXResourcesBuildPhase section */
		DFAD43A61F78B9CE0049DED6 /* Resources */ = {
			isa = PBXResourcesBuildPhase;
			buildActionMask = 2147483647;
			files = (
				DFAD43B61F78B9CE0049DED6 /* LaunchScreen.storyboard in Resources */,
				DFAD43B31F78B9CE0049DED6 /* Assets.xcassets in Resources */,
				DFAD43B11F78B9CE0049DED6 /* Main.storyboard in Resources */,
			);
			runOnlyForDeploymentPostprocessing = 0;
		};
		DFAD43BA1F78B9CE0049DED6 /* Resources */ = {
			isa = PBXResourcesBuildPhase;
			buildActionMask = 2147483647;
			files = (
			);
			runOnlyForDeploymentPostprocessing = 0;
		};
		DFAD43C51F78B9CF0049DED6 /* Resources */ = {
			isa = PBXResourcesBuildPhase;
			buildActionMask = 2147483647;
			files = (
			);
			runOnlyForDeploymentPostprocessing = 0;
		};
/* End PBXResourcesBuildPhase section */

/* Begin PBXSourcesBuildPhase section */
		DFAD43A41F78B9CE0049DED6 /* Sources */ = {
			isa = PBXSourcesBuildPhase;
			buildActionMask = 2147483647;
			files = (
				DFAD43F71F809C5A0049DED6 /* CalorieCaculationViewController.swift in Sources */,
				DFAD43F91F809C6F0049DED6 /* CameraViewController.swift in Sources */,
				DFAD43AE1F78B9CE0049DED6 /* ViewController.swift in Sources */,
				DFAD43F11F809BE70049DED6 /* RunningRecordViewController.swift in Sources */,
				DFAD43F31F809C070049DED6 /* RunningPathViewController.swift in Sources */,
				DFAD43EE1F7FED810049DED6 /* FoodViewController.swift in Sources */,
				DFAD43F51F809C180049DED6 /* FriendViewController.swift in Sources */,
				DFAD43EA1F7BAA310049DED6 /* MapViewController.swift in Sources */,
				DFAD43EC1F7FED720049DED6 /* RunningViewController.swift in Sources */,
				DFAD43AC1F78B9CE0049DED6 /* AppDelegate.swift in Sources */,
			);
			runOnlyForDeploymentPostprocessing = 0;
		};
		DFAD43B81F78B9CE0049DED6 /* Sources */ = {
			isa = PBXSourcesBuildPhase;
			buildActionMask = 2147483647;
			files = (
				DFAD43C11F78B9CE0049DED6 /* Keep_Imitate_APPTests.swift in Sources */,
			);
			runOnlyForDeploymentPostprocessing = 0;
		};
		DFAD43C31F78B9CF0049DED6 /* Sources */ = {
			isa = PBXSourcesBuildPhase;
			buildActionMask = 2147483647;
			files = (
				DFAD43CC1F78B9CF0049DED6 /* Keep_Imitate_APPUITests.swift in Sources */,
			);
			runOnlyForDeploymentPostprocessing = 0;
		};
/* End PBXSourcesBuildPhase section */

/* Begin PBXTargetDependency section */
		DFAD43BE1F78B9CE0049DED6 /* PBXTargetDependency */ = {
			isa = PBXTargetDependency;
			target = DFAD43A71F78B9CE0049DED6 /* Keep_Imitate_APP */;
			targetProxy = DFAD43BD1F78B9CE0049DED6 /* PBXContainerItemProxy */;
		};
		DFAD43C91F78B9CF0049DED6 /* PBXTargetDependency */ = {
			isa = PBXTargetDependency;
			target = DFAD43A71F78B9CE0049DED6 /* Keep_Imitate_APP */;
			targetProxy = DFAD43C81F78B9CF0049DED6 /* PBXContainerItemProxy */;
		};
/* End PBXTargetDependency section */

/* Begin PBXVariantGroup section */
		DFAD43AF1F78B9CE0049DED6 /* Main.storyboard */ = {
			isa = PBXVariantGroup;
			children = (
				DFAD43B01F78B9CE0049DED6 /* Base */,
			);
			name = Main.storyboard;
			sourceTree = "<group>";
		};
		DFAD43B41F78B9CE0049DED6 /* LaunchScreen.storyboard */ = {
			isa = PBXVariantGroup;
			children = (
				DFAD43B51F78B9CE0049DED6 /* Base */,
			);
			name = LaunchScreen.storyboard;
			sourceTree = "<group>";
		};
/* End PBXVariantGroup section */

/* Begin XCBuildConfiguration section */
		DFAD43CE1F78B9CF0049DED6 /* Debug */ = {
			isa = XCBuildConfiguration;
			buildSettings = {
				ALWAYS_SEARCH_USER_PATHS = NO;
				CLANG_ANALYZER_NONNULL = YES;
				CLANG_ANALYZER_NUMBER_OBJECT_CONVERSION = YES_AGGRESSIVE;
				CLANG_CXX_LANGUAGE_STANDARD = "gnu++14";
				CLANG_CXX_LIBRARY = "libc++";
				CLANG_ENABLE_MODULES = YES;
				CLANG_ENABLE_OBJC_ARC = YES;
				CLANG_WARN_BLOCK_CAPTURE_AUTORELEASING = YES;
				CLANG_WARN_BOOL_CONVERSION = YES;
				CLANG_WARN_COMMA = YES;
				CLANG_WARN_CONSTANT_CONVERSION = YES;
				CLANG_WARN_DIRECT_OBJC_ISA_USAGE = YES_ERROR;
				CLANG_WARN_DOCUMENTATION_COMMENTS = YES;
				CLANG_WARN_EMPTY_BODY = YES;
				CLANG_WARN_ENUM_CONVERSION = YES;
				CLANG_WARN_INFINITE_RECURSION = YES;
				CLANG_WARN_INT_CONVERSION = YES;
				CLANG_WARN_NON_LITERAL_NULL_CONVERSION = YES;
				CLANG_WARN_OBJC_LITERAL_CONVERSION = YES;
				CLANG_WARN_OBJC_ROOT_CLASS = YES_ERROR;
				CLANG_WARN_RANGE_LOOP_ANALYSIS = YES;
				CLANG_WARN_STRICT_PROTOTYPES = YES;
				CLANG_WARN_SUSPICIOUS_MOVE = YES;
				CLANG_WARN_UNGUARDED_AVAILABILITY = YES_AGGRESSIVE;
				CLANG_WARN_UNREACHABLE_CODE = YES;
				CLANG_WARN__DUPLICATE_METHOD_MATCH = YES;
				CODE_SIGN_IDENTITY = "iPhone Developer";
				COPY_PHASE_STRIP = NO;
				DEBUG_INFORMATION_FORMAT = dwarf;
				ENABLE_STRICT_OBJC_MSGSEND = YES;
				ENABLE_TESTABILITY = YES;
				GCC_C_LANGUAGE_STANDARD = gnu11;
				GCC_DYNAMIC_NO_PIC = NO;
				GCC_NO_COMMON_BLOCKS = YES;
				GCC_OPTIMIZATION_LEVEL = 0;
				GCC_PREPROCESSOR_DEFINITIONS = (
					"DEBUG=1",
					"$(inherited)",
				);
				GCC_WARN_64_TO_32_BIT_CONVERSION = YES;
				GCC_WARN_ABOUT_RETURN_TYPE = YES_ERROR;
				GCC_WARN_UNDECLARED_SELECTOR = YES;
				GCC_WARN_UNINITIALIZED_AUTOS = YES_AGGRESSIVE;
				GCC_WARN_UNUSED_FUNCTION = YES;
				GCC_WARN_UNUSED_VARIABLE = YES;
				IPHONEOS_DEPLOYMENT_TARGET = 11.0;
				MTL_ENABLE_DEBUG_INFO = YES;
				ONLY_ACTIVE_ARCH = YES;
				SDKROOT = iphoneos;
				SWIFT_ACTIVE_COMPILATION_CONDITIONS = DEBUG;
				SWIFT_OPTIMIZATION_LEVEL = "-Onone";
			};
			name = Debug;
		};
		DFAD43CF1F78B9CF0049DED6 /* Release */ = {
			isa = XCBuildConfiguration;
			buildSettings = {
				ALWAYS_SEARCH_USER_PATHS = NO;
				CLANG_ANALYZER_NONNULL = YES;
				CLANG_ANALYZER_NUMBER_OBJECT_CONVERSION = YES_AGGRESSIVE;
				CLANG_CXX_LANGUAGE_STANDARD = "gnu++14";
				CLANG_CXX_LIBRARY = "libc++";
				CLANG_ENABLE_MODULES = YES;
				CLANG_ENABLE_OBJC_ARC = YES;
				CLANG_WARN_BLOCK_CAPTURE_AUTORELEASING = YES;
				CLANG_WARN_BOOL_CONVERSION = YES;
				CLANG_WARN_COMMA = YES;
				CLANG_WARN_CONSTANT_CONVERSION = YES;
				CLANG_WARN_DIRECT_OBJC_ISA_USAGE = YES_ERROR;
				CLANG_WARN_DOCUMENTATION_COMMENTS = YES;
				CLANG_WARN_EMPTY_BODY = YES;
				CLANG_WARN_ENUM_CONVERSION = YES;
				CLANG_WARN_INFINITE_RECURSION = YES;
				CLANG_WARN_INT_CONVERSION = YES;
				CLANG_WARN_NON_LITERAL_NULL_CONVERSION = YES;
				CLANG_WARN_OBJC_LITERAL_CONVERSION = YES;
				CLANG_WARN_OBJC_ROOT_CLASS = YES_ERROR;
				CLANG_WARN_RANGE_LOOP_ANALYSIS = YES;
				CLANG_WARN_STRICT_PROTOTYPES = YES;
				CLANG_WARN_SUSPICIOUS_MOVE = YES;
				CLANG_WARN_UNGUARDED_AVAILABILITY = YES_AGGRESSIVE;
				CLANG_WARN_UNREACHABLE_CODE = YES;
				CLANG_WARN__DUPLICATE_METHOD_MATCH = YES;
				CODE_SIGN_IDENTITY = "iPhone Developer";
				COPY_PHASE_STRIP = NO;
				DEBUG_INFORMATION_FORMAT = "dwarf-with-dsym";
				ENABLE_NS_ASSERTIONS = NO;
				ENABLE_STRICT_OBJC_MSGSEND = YES;
				GCC_C_LANGUAGE_STANDARD = gnu11;
				GCC_NO_COMMON_BLOCKS = YES;
				GCC_WARN_64_TO_32_BIT_CONVERSION = YES;
				GCC_WARN_ABOUT_RETURN_TYPE = YES_ERROR;
				GCC_WARN_UNDECLARED_SELECTOR = YES;
				GCC_WARN_UNINITIALIZED_AUTOS = YES_AGGRESSIVE;
				GCC_WARN_UNUSED_FUNCTION = YES;
				GCC_WARN_UNUSED_VARIABLE = YES;
				IPHONEOS_DEPLOYMENT_TARGET = 11.0;
				MTL_ENABLE_DEBUG_INFO = NO;
				SDKROOT = iphoneos;
				SWIFT_OPTIMIZATION_LEVEL = "-Owholemodule";
				VALIDATE_PRODUCT = YES;
			};
			name = Release;
		};
		DFAD43D11F78B9CF0049DED6 /* Debug */ = {
			isa = XCBuildConfiguration;
			buildSettings = {
				ASSETCATALOG_COMPILER_APPICON_NAME = AppIcon;
				CODE_SIGN_STYLE = Automatic;
				DEVELOPMENT_TEAM = GS4XAQ6DWS;
				INFOPLIST_FILE = Keep_Imitate_APP/Info.plist;
				LD_RUNPATH_SEARCH_PATHS = "$(inherited) @executable_path/Frameworks";
				PRODUCT_BUNDLE_IDENTIFIER = "unimelb.langl2.Keep-Imitate-APP";
				PRODUCT_NAME = "$(TARGET_NAME)";
				SWIFT_VERSION = 4.0;
				TARGETED_DEVICE_FAMILY = "1,2";
			};
			name = Debug;
		};
		DFAD43D21F78B9CF0049DED6 /* Release */ = {
			isa = XCBuildConfiguration;
			buildSettings = {
				ASSETCATALOG_COMPILER_APPICON_NAME = AppIcon;
				CODE_SIGN_STYLE = Automatic;
				DEVELOPMENT_TEAM = GS4XAQ6DWS;
				INFOPLIST_FILE = Keep_Imitate_APP/Info.plist;
				LD_RUNPATH_SEARCH_PATHS = "$(inherited) @executable_path/Frameworks";
				PRODUCT_BUNDLE_IDENTIFIER = "unimelb.langl2.Keep-Imitate-APP";
				PRODUCT_NAME = "$(TARGET_NAME)";
				SWIFT_VERSION = 4.0;
				TARGETED_DEVICE_FAMILY = "1,2";
			};
			name = Release;
		};
		DFAD43D41F78B9CF0049DED6 /* Debug */ = {
			isa = XCBuildConfiguration;
			buildSettings = {
				ALWAYS_EMBED_SWIFT_STANDARD_LIBRARIES = YES;
				BUNDLE_LOADER = "$(TEST_HOST)";
				CODE_SIGN_STYLE = Automatic;
				DEVELOPMENT_TEAM = GS4XAQ6DWS;
				INFOPLIST_FILE = Keep_Imitate_APPTests/Info.plist;
				LD_RUNPATH_SEARCH_PATHS = "$(inherited) @executable_path/Frameworks @loader_path/Frameworks";
				PRODUCT_BUNDLE_IDENTIFIER = "unimelb.langl2.Keep-Imitate-APPTests";
				PRODUCT_NAME = "$(TARGET_NAME)";
				SWIFT_VERSION = 4.0;
				TARGETED_DEVICE_FAMILY = "1,2";
				TEST_HOST = "$(BUILT_PRODUCTS_DIR)/Keep_Imitate_APP.app/Keep_Imitate_APP";
			};
			name = Debug;
		};
		DFAD43D51F78B9CF0049DED6 /* Release */ = {
			isa = XCBuildConfiguration;
			buildSettings = {
				ALWAYS_EMBED_SWIFT_STANDARD_LIBRARIES = YES;
				BUNDLE_LOADER = "$(TEST_HOST)";
				CODE_SIGN_STYLE = Automatic;
				DEVELOPMENT_TEAM = GS4XAQ6DWS;
				INFOPLIST_FILE = Keep_Imitate_APPTests/Info.plist;
				LD_RUNPATH_SEARCH_PATHS = "$(inherited) @executable_path/Frameworks @loader_path/Frameworks";
				PRODUCT_BUNDLE_IDENTIFIER = "unimelb.langl2.Keep-Imitate-APPTests";
				PRODUCT_NAME = "$(TARGET_NAME)";
				SWIFT_VERSION = 4.0;
				TARGETED_DEVICE_FAMILY = "1,2";
				TEST_HOST = "$(BUILT_PRODUCTS_DIR)/Keep_Imitate_APP.app/Keep_Imitate_APP";
			};
			name = Release;
		};
		DFAD43D71F78B9CF0049DED6 /* Debug */ = {
			isa = XCBuildConfiguration;
			buildSettings = {
				ALWAYS_EMBED_SWIFT_STANDARD_LIBRARIES = YES;
				CODE_SIGN_STYLE = Automatic;
				DEVELOPMENT_TEAM = GS4XAQ6DWS;
				INFOPLIST_FILE = Keep_Imitate_APPUITests/Info.plist;
				LD_RUNPATH_SEARCH_PATHS = "$(inherited) @executable_path/Frameworks @loader_path/Frameworks";
				PRODUCT_BUNDLE_IDENTIFIER = "unimelb.langl2.Keep-Imitate-APPUITests";
				PRODUCT_NAME = "$(TARGET_NAME)";
				SWIFT_VERSION = 4.0;
				TARGETED_DEVICE_FAMILY = "1,2";
				TEST_TARGET_NAME = Keep_Imitate_APP;
			};
			name = Debug;
		};
		DFAD43D81F78B9CF0049DED6 /* Release */ = {
			isa = XCBuildConfiguration;
			buildSettings = {
				ALWAYS_EMBED_SWIFT_STANDARD_LIBRARIES = YES;
				CODE_SIGN_STYLE = Automatic;
				DEVELOPMENT_TEAM = GS4XAQ6DWS;
				INFOPLIST_FILE = Keep_Imitate_APPUITests/Info.plist;
				LD_RUNPATH_SEARCH_PATHS = "$(inherited) @executable_path/Frameworks @loader_path/Frameworks";
				PRODUCT_BUNDLE_IDENTIFIER = "unimelb.langl2.Keep-Imitate-APPUITests";
				PRODUCT_NAME = "$(TARGET_NAME)";
				SWIFT_VERSION = 4.0;
				TARGETED_DEVICE_FAMILY = "1,2";
				TEST_TARGET_NAME = Keep_Imitate_APP;
			};
			name = Release;
		};
/* End XCBuildConfiguration section */

/* Begin XCConfigurationList section */
		DFAD43A31F78B9CE0049DED6 /* Build configuration list for PBXProject "Keep_Imitate_APP" */ = {
			isa = XCConfigurationList;
			buildConfigurations = (
				DFAD43CE1F78B9CF0049DED6 /* Debug */,
				DFAD43CF1F78B9CF0049DED6 /* Release */,
			);
			defaultConfigurationIsVisible = 0;
			defaultConfigurationName = Release;
		};
		DFAD43D01F78B9CF0049DED6 /* Build configuration list for PBXNativeTarget "Keep_Imitate_APP" */ = {
			isa = XCConfigurationList;
			buildConfigurations = (
				DFAD43D11F78B9CF0049DED6 /* Debug */,
				DFAD43D21F78B9CF0049DED6 /* Release */,
			);
			defaultConfigurationIsVisible = 0;
			defaultConfigurationName = Release;
		};
		DFAD43D31F78B9CF0049DED6 /* Build configuration list for PBXNativeTarget "Keep_Imitate_APPTests" */ = {
			isa = XCConfigurationList;
			buildConfigurations = (
				DFAD43D41F78B9CF0049DED6 /* Debug */,
				DFAD43D51F78B9CF0049DED6 /* Release */,
			);
			defaultConfigurationIsVisible = 0;
			defaultConfigurationName = Release;
		};
		DFAD43D61F78B9CF0049DED6 /* Build configuration list for PBXNativeTarget "Keep_Imitate_APPUITests" */ = {
			isa = XCConfigurationList;
			buildConfigurations = (
				DFAD43D71F78B9CF0049DED6 /* Debug */,
				DFAD43D81F78B9CF0049DED6 /* Release */,
			);
			defaultConfigurationIsVisible = 0;
			defaultConfigurationName = Release;
		};
/* End XCConfigurationList section */
	};
	rootObject = DFAD43A01F78B9CE0049DED6 /* Project object */;
}
